// !$*UTF8*$!
{
	archiveVersion = 1;
	classes = {
	};
	objectVersion = 46;
	objects = {

/* Begin PBXBuildFile section */
		0AFFC0A81ECCE2C100D03603 /* AppDelegate.swift in Sources */ = {isa = PBXBuildFile; fileRef = 0AFFC0A71ECCE2C100D03603 /* AppDelegate.swift */; };
		0AFFC0AA1ECCE2C100D03603 /* ViewController.swift in Sources */ = {isa = PBXBuildFile; fileRef = 0AFFC0A91ECCE2C100D03603 /* ViewController.swift */; };
		0AFFC0AD1ECCE2C100D03603 /* Main.storyboard in Resources */ = {isa = PBXBuildFile; fileRef = 0AFFC0AB1ECCE2C100D03603 /* Main.storyboard */; };
		0AFFC0AF1ECCE2C100D03603 /* Assets.xcassets in Resources */ = {isa = PBXBuildFile; fileRef = 0AFFC0AE1ECCE2C100D03603 /* Assets.xcassets */; };
		0AFFC0B21ECCE2C100D03603 /* LaunchScreen.storyboard in Resources */ = {isa = PBXBuildFile; fileRef = 0AFFC0B01ECCE2C100D03603 /* LaunchScreen.storyboard */; };
		0AFFC0BC1ECCE2D200D03603 /* board.png in Resources */ = {isa = PBXBuildFile; fileRef = 0AFFC0B91ECCE2D200D03603 /* board.png */; };
		0AFFC0BD1ECCE2D200D03603 /* cross.png in Resources */ = {isa = PBXBuildFile; fileRef = 0AFFC0BA1ECCE2D200D03603 /* cross.png */; };
		0AFFC0BE1ECCE2D200D03603 /* nought.png in Resources */ = {isa = PBXBuildFile; fileRef = 0AFFC0BB1ECCE2D200D03603 /* nought.png */; };
/* End PBXBuildFile section */

/* Begin PBXFileReference section */
		0AFFC0A41ECCE2C100D03603 /* TicTacToe.app */ = {isa = PBXFileReference; explicitFileType = wrapper.application; includeInIndex = 0; path = TicTacToe.app; sourceTree = BUILT_PRODUCTS_DIR; };
		0AFFC0A71ECCE2C100D03603 /* AppDelegate.swift */ = {isa = PBXFileReference; lastKnownFileType = sourcecode.swift; path = AppDelegate.swift; sourceTree = "<group>"; };
		0AFFC0A91ECCE2C100D03603 /* ViewController.swift */ = {isa = PBXFileReference; lastKnownFileType = sourcecode.swift; path = ViewController.swift; sourceTree = "<group>"; };
		0AFFC0AC1ECCE2C100D03603 /* Base */ = {isa = PBXFileReference; lastKnownFileType = file.storyboard; name = Base; path = Base.lproj/Main.storyboard; sourceTree = "<group>"; };
		0AFFC0AE1ECCE2C100D03603 /* Assets.xcassets */ = {isa = PBXFileReference; lastKnownFileType = folder.assetcatalog; path = Assets.xcassets; sourceTree = "<group>"; };
		0AFFC0B11ECCE2C100D03603 /* Base */ = {isa = PBXFileReference; lastKnownFileType = file.storyboard; name = Base; path = Base.lproj/LaunchScreen.storyboard; sourceTree = "<group>"; };
		0AFFC0B31ECCE2C100D03603 /* Info.plist */ = {isa = PBXFileReference; lastKnownFileType = text.plist.xml; path = Info.plist; sourceTree = "<group>"; };
		0AFFC0B91ECCE2D200D03603 /* board.png */ = {isa = PBXFileReference; lastKnownFileType = image.png; name = board.png; path = ../../../../../Downloads/tictactoeimages/board.png; sourceTree = "<group>"; };
		0AFFC0BA1ECCE2D200D03603 /* cross.png */ = {isa = PBXFileReference; lastKnownFileType = image.png; name = cross.png; path = ../../../../../Downloads/tictactoeimages/cross.png; sourceTree = "<group>"; };
		0AFFC0BB1ECCE2D200D03603 /* nought.png */ = {isa = PBXFileReference; lastKnownFileType = image.png; name = nought.png; path = ../../../../../Downloads/tictactoeimages/nought.png; sourceTree = "<group>"; };
/* End PBXFileReference section */

/* Begin PBXFrameworksBuildPhase section */
		0AFFC0A11ECCE2C100D03603 /* Frameworks */ = {
			isa = PBXFrameworksBuildPhase;
			buildActionMask = 2147483647;
			files = (
			);
			runOnlyForDeploymentPostprocessing = 0;
		};
/* End PBXFrameworksBuildPhase section */

/* Begin PBXGroup section */
		0AFFC09B1ECCE2C100D03603 = {
			isa = PBXGroup;
			children = (
				0AFFC0A61ECCE2C100D03603 /* TicTacToe */,
				0AFFC0A51ECCE2C100D03603 /* Products */,
			);
			sourceTree = "<group>";
		};
		0AFFC0A51ECCE2C100D03603 /* Products */ = {
			isa = PBXGroup;
			children = (
				0AFFC0A41ECCE2C100D03603 /* TicTacToe.app */,
			);
			name = Products;
			sourceTree = "<group>";
		};
		0AFFC0A61ECCE2C100D03603 /* TicTacToe */ = {
			isa = PBXGroup;
			children = (
				0AFFC0A71ECCE2C100D03603 /* AppDelegate.swift */,
				0AFFC0A91ECCE2C100D03603 /* ViewController.swift */,
				0AFFC0AB1ECCE2C100D03603 /* Main.storyboard */,
				0AFFC0B91ECCE2D200D03603 /* board.png */,
				0AFFC0BA1ECCE2D200D03603 /* cross.png */,
				0AFFC0BB1ECCE2D200D03603 /* nought.png */,
				0AFFC0AE1ECCE2C100D03603 /* Assets.xcassets */,
				0AFFC0B01ECCE2C100D03603 /* LaunchScreen.storyboard */,
				0AFFC0B31ECCE2C100D03603 /* Info.plist */,
			);
			path = TicTacToe;
			sourceTree = "<group>";
		};
/* End PBXGroup section */

/* Begin PBXNativeTarget section */
		0AFFC0A31ECCE2C100D03603 /* TicTacToe */ = {
			isa = PBXNativeTarget;
			buildConfigurationList = 0AFFC0B61ECCE2C100D03603 /* Build configuration list for PBXNativeTarget "TicTacToe" */;
			buildPhases = (
				0AFFC0A01ECCE2C100D03603 /* Sources */,
				0AFFC0A11ECCE2C100D03603 /* Frameworks */,
				0AFFC0A21ECCE2C100D03603 /* Resources */,
			);
			buildRules = (
			);
			dependencies = (
			);
			name = TicTacToe;
			productName = TicTacToe;
			productReference = 0AFFC0A41ECCE2C100D03603 /* TicTacToe.app */;
			productType = "com.apple.product-type.application";
		};
/* End PBXNativeTarget section */

/* Begin PBXProject section */
		0AFFC09C1ECCE2C100D03603 /* Project object */ = {
			isa = PBXProject;
			attributes = {
				LastSwiftUpdateCheck = 0830;
				LastUpgradeCheck = 0830;
				ORGANIZATIONNAME = David;
				TargetAttributes = {
					0AFFC0A31ECCE2C100D03603 = {
						CreatedOnToolsVersion = 8.3;
						ProvisioningStyle = Automatic;
					};
				};
			};
			buildConfigurationList = 0AFFC09F1ECCE2C100D03603 /* Build configuration list for PBXProject "TicTacToe" */;
			compatibilityVersion = "Xcode 3.2";
			developmentRegion = English;
			hasScannedForEncodings = 0;
			knownRegions = (
				en,
				Base,
			);
			mainGroup = 0AFFC09B1ECCE2C100D03603;
			productRefGroup = 0AFFC0A51ECCE2C100D03603 /* Products */;
			projectDirPath = "";
			projectRoot = "";
			targets = (
				0AFFC0A31ECCE2C100D03603 /* TicTacToe */,
			);
		};
/* End PBXProject section */

/* Begin PBXResourcesBuildPhase section */
		0AFFC0A21ECCE2C100D03603 /* Resources */ = {
			isa = PBXResourcesBuildPhase;
			buildActionMask = 2147483647;
			files = (
				0AFFC0BD1ECCE2D200D03603 /* cross.png in Resources */,
				0AFFC0BC1ECCE2D200D03603 /* board.png in Resources */,
				0AFFC0BE1ECCE2D200D03603 /* nought.png in Resources */,
				0AFFC0B21ECCE2C100D03603 /* LaunchScreen.storyboard in Resources */,
				0AFFC0AF1ECCE2C100D03603 /* Assets.xcassets in Resources */,
				0AFFC0AD1ECCE2C100D03603 /* Main.storyboard in Resources */,
			);
			runOnlyForDeploymentPostprocessing = 0;
		};
/* End PBXResourcesBuildPhase section */

/* Begin PBXSourcesBuildPhase section */
		0AFFC0A01ECCE2C100D03603 /* Sources */ = {
			isa = PBXSourcesBuildPhase;
			buildActionMask = 2147483647;
			files = (
				0AFFC0AA1ECCE2C100D03603 /* ViewController.swift in Sources */,
				0AFFC0A81ECCE2C100D03603 /* AppDelegate.swift in Sources */,
			);
			runOnlyForDeploymentPostprocessing = 0;
		};
/* End PBXSourcesBuildPhase section */

/* Begin PBXVariantGroup section */
		0AFFC0AB1ECCE2C100D03603 /* Main.storyboard */ = {
			isa = PBXVariantGroup;
			children = (
				0AFFC0AC1ECCE2C100D03603 /* Base */,
			);
			name = Main.storyboard;
			sourceTree = "<group>";
		};
		0AFFC0B01ECCE2C100D03603 /* LaunchScreen.storyboard */ = {
			isa = PBXVariantGroup;
			children = (
				0AFFC0B11ECCE2C100D03603 /* Base */,
			);
			name = LaunchScreen.storyboard;
			sourceTree = "<group>";
		};
/* End PBXVariantGroup section */

/* Begin XCBuildConfiguration section */
		0AFFC0B41ECCE2C100D03603 /* Debug */ = {
			isa = XCBuildConfiguration;
			buildSettings = {
				ALWAYS_SEARCH_USER_PATHS = NO;
				CLANG_ANALYZER_NONNULL = YES;
				CLANG_ANALYZER_NUMBER_OBJECT_CONVERSION = YES_AGGRESSIVE;
				CLANG_CXX_LANGUAGE_STANDARD = "gnu++0x";
				CLANG_CXX_LIBRARY = "libc++";
				CLANG_ENABLE_MODULES = YES;
				CLANG_ENABLE_OBJC_ARC = YES;
				CLANG_WARN_BOOL_CONVERSION = YES;
				CLANG_WARN_CONSTANT_CONVERSION = YES;
				CLANG_WARN_DIRECT_OBJC_ISA_USAGE = YES_ERROR;
				CLANG_WARN_DOCUMENTATION_COMMENTS = YES;
				CLANG_WARN_EMPTY_BODY = YES;
				CLANG_WARN_ENUM_CONVERSION = YES;
				CLANG_WARN_INFINITE_RECURSION = YES;
				CLANG_WARN_INT_CONVERSION = YES;
				CLANG_WARN_OBJC_ROOT_CLASS = YES_ERROR;
				CLANG_WARN_SUSPICIOUS_MOVE = YES;
				CLANG_WARN_UNREACHABLE_CODE = YES;
				CLANG_WARN__DUPLICATE_METHOD_MATCH = YES;
				"CODE_SIGN_IDENTITY[sdk=iphoneos*]" = "iPhone Developer";
				COPY_PHASE_STRIP = NO;
				DEBUG_INFORMATION_FORMAT = dwarf;
				ENABLE_STRICT_OBJC_MSGSEND = YES;
				ENABLE_TESTABILITY = YES;
				GCC_C_LANGUAGE_STANDARD = gnu99;
				GCC_DYNAMIC_NO_PIC = NO;
				GCC_NO_COMMON_BLOCKS = YES;
				GCC_OPTIMIZATION_LEVEL = 0;
				GCC_PREPROCESSOR_DEFINITIONS = (
					"DEBUG=1",
					"$(inherited)",
				);
				GCC_WARN_64_TO_32_BIT_CONVERSION = YES;
				GCC_WARN_ABOUT_RETURN_TYPE = YES_ERROR;
				GCC_WARN_UNDECLARED_SELECTOR = YES;
				GCC_WARN_UNINITIALIZED_AUTOS = YES_AGGRESSIVE;
				GCC_WARN_UNUSED_FUNCTION = YES;
				GCC_WARN_UNUSED_VARIABLE = YES;
				IPHONEOS_DEPLOYMENT_TARGET = 10.3;
				MTL_ENABLE_DEBUG_INFO = YES;
				ONLY_ACTIVE_ARCH = YES;
				SDKROOT = iphoneos;
				SWIFT_ACTIVE_COMPILATION_CONDITIONS = DEBUG;
				SWIFT_OPTIMIZATION_LEVEL = "-Onone";
				TARGETED_DEVICE_FAMILY = "1,2";
			};
			name = Debug;
		};
		0AFFC0B51ECCE2C100D03603 /* Release */ = {
			isa = XCBuildConfiguration;
			buildSettings = {
				ALWAYS_SEARCH_USER_PATHS = NO;
				CLANG_ANALYZER_NONNULL = YES;
				CLANG_ANALYZER_NUMBER_OBJECT_CONVERSION = YES_AGGRESSIVE;
				CLANG_CXX_LANGUAGE_STANDARD = "gnu++0x";
				CLANG_CXX_LIBRARY = "libc++";
				CLANG_ENABLE_MODULES = YES;
				CLANG_ENABLE_OBJC_ARC = YES;
				CLANG_WARN_BOOL_CONVERSION = YES;
				CLANG_WARN_CONSTANT_CONVERSION = YES;
				CLANG_WARN_DIRECT_OBJC_ISA_USAGE = YES_ERROR;
				CLANG_WARN_DOCUMENTATION_COMMENTS = YES;
				CLANG_WARN_EMPTY_BODY = YES;
				CLANG_WARN_ENUM_CONVERSION = YES;
				CLANG_WARN_INFINITE_RECURSION = YES;
				CLANG_WARN_INT_CONVERSION = YES;
				CLANG_WARN_OBJC_ROOT_CLASS = YES_ERROR;
				CLANG_WARN_SUSPICIOUS_MOVE = YES;
				CLANG_WARN_UNREACHABLE_CODE = YES;
				CLANG_WARN__DUPLICATE_METHOD_MATCH = YES;
				"CODE_SIGN_IDENTITY[sdk=iphoneos*]" = "iPhone Developer";
				COPY_PHASE_STRIP = NO;
				DEBUG_INFORMATION_FORMAT = "dwarf-with-dsym";
				ENABLE_NS_ASSERTIONS = NO;
				ENABLE_STRICT_OBJC_MSGSEND = YES;
				GCC_C_LANGUAGE_STANDARD = gnu99;
				GCC_NO_COMMON_BLOCKS = YES;
				GCC_WARN_64_TO_32_BIT_CONVERSION = YES;
				GCC_WARN_ABOUT_RETURN_TYPE = YES_ERROR;
				GCC_WARN_UNDECLARED_SELECTOR = YES;
				GCC_WARN_UNINITIALIZED_AUTOS = YES_AGGRESSIVE;
				GCC_WARN_UNUSED_FUNCTION = YES;
				GCC_WARN_UNUSED_VARIABLE = YES;
				IPHONEOS_DEPLOYMENT_TARGET = 10.3;
				MTL_ENABLE_DEBUG_INFO = NO;
				SDKROOT = iphoneos;
				SWIFT_OPTIMIZATION_LEVEL = "-Owholemodule";
				TARGETED_DEVICE_FAMILY = "1,2";
				VALIDATE_PRODUCT = YES;
			};
			name = Release;
		};
		0AFFC0B71ECCE2C100D03603 /* Debug */ = {
			isa = XCBuildConfiguration;
			buildSettings = {
				ASSETCATALOG_COMPILER_APPICON_NAME = AppIcon;
				INFOPLIST_FILE = TicTacToe/Info.plist;
				LD_RUNPATH_SEARCH_PATHS = "$(inherited) @executable_path/Frameworks";
				PRODUCT_BUNDLE_IDENTIFIER = com.94409640.TicTacToe;
				PRODUCT_NAME = "$(TARGET_NAME)";
				SWIFT_VERSION = 3.0;
			};
			name = Debug;
		};
		0AFFC0B81ECCE2C100D03603 /* Release */ = {
			isa = XCBuildConfiguration;
			buildSettings = {
				ASSETCATALOG_COMPILER_APPICON_NAME = AppIcon;
				INFOPLIST_FILE = TicTacToe/Info.plist;
				LD_RUNPATH_SEARCH_PATHS = "$(inherited) @executable_path/Frameworks";
				PRODUCT_BUNDLE_IDENTIFIER = com.94409640.TicTacToe;
				PRODUCT_NAME = "$(TARGET_NAME)";
				SWIFT_VERSION = 3.0;
			};
			name = Release;
		};
/* End XCBuildConfiguration section */

/* Begin XCConfigurationList section */
		0AFFC09F1ECCE2C100D03603 /* Build configuration list for PBXProject "TicTacToe" */ = {
			isa = XCConfigurationList;
			buildConfigurations = (
				0AFFC0B41ECCE2C100D03603 /* Debug */,
				0AFFC0B51ECCE2C100D03603 /* Release */,
			);
			defaultConfigurationIsVisible = 0;
			defaultConfigurationName = Release;
		};
		0AFFC0B61ECCE2C100D03603 /* Build configuration list for PBXNativeTarget "TicTacToe" */ = {
			isa = XCConfigurationList;
			buildConfigurations = (
				0AFFC0B71ECCE2C100D03603 /* Debug */,
				0AFFC0B81ECCE2C100D03603 /* Release */,
			);
			defaultConfigurationIsVisible = 0;
		};
/* End XCConfigurationList section */
	};
	rootObject = 0AFFC09C1ECCE2C100D03603 /* Project object */;
}
